// !$*UTF8*$!
{
	archiveVersion = 1;
	classes = {
	};
	objectVersion = 56;
	objects = {

/* Begin PBXBuildFile section */
		86A825732A26A5D5002804DF /* PokemonDemoApp.swift in Sources */ = {isa = PBXBuildFile; fileRef = 86A825722A26A5D5002804DF /* PokemonDemoApp.swift */; };
		86A825752A26A5D5002804DF /* PokemonDetailView.swift in Sources */ = {isa = PBXBuildFile; fileRef = 86A825742A26A5D5002804DF /* PokemonDetailView.swift */; };
		86A825772A26A5D6002804DF /* Assets.xcassets in Resources */ = {isa = PBXBuildFile; fileRef = 86A825762A26A5D6002804DF /* Assets.xcassets */; };
		86A8257B2A26A5D6002804DF /* Preview Assets.xcassets in Resources */ = {isa = PBXBuildFile; fileRef = 86A8257A2A26A5D6002804DF /* Preview Assets.xcassets */; };
		86A825852A26A5D6002804DF /* PokemonDemoTests.swift in Sources */ = {isa = PBXBuildFile; fileRef = 86A825842A26A5D6002804DF /* PokemonDemoTests.swift */; };
		86A8258F2A26A5D6002804DF /* PokemonDemoUITests.swift in Sources */ = {isa = PBXBuildFile; fileRef = 86A8258E2A26A5D6002804DF /* PokemonDemoUITests.swift */; };
		86A825912A26A5D6002804DF /* PokemonDemoUITestsLaunchTests.swift in Sources */ = {isa = PBXBuildFile; fileRef = 86A825902A26A5D6002804DF /* PokemonDemoUITestsLaunchTests.swift */; };
		86A825A72A26BC92002804DF /* pokemonData.json in Resources */ = {isa = PBXBuildFile; fileRef = 86A825A62A26BC92002804DF /* pokemonData.json */; };
		86A825A92A26C0A9002804DF /* PokemonSearchBar.swift in Sources */ = {isa = PBXBuildFile; fileRef = 86A825A82A26C0A9002804DF /* PokemonSearchBar.swift */; };
		86A825AC2A27517B002804DF /* LoadingView.swift in Sources */ = {isa = PBXBuildFile; fileRef = 86A825AB2A27517A002804DF /* LoadingView.swift */; };
		86A825B12A276CF7002804DF /* colors.swift in Sources */ = {isa = PBXBuildFile; fileRef = 86A825B02A276CF7002804DF /* colors.swift */; };
		86A825B42A27725F002804DF /* Types.swift in Sources */ = {isa = PBXBuildFile; fileRef = 86A825B32A27725F002804DF /* Types.swift */; };
		86A825B62A277560002804DF /* utils.swift in Sources */ = {isa = PBXBuildFile; fileRef = 86A825B52A277560002804DF /* utils.swift */; };
		86A825B82A277D31002804DF /* pokeApiTypes.swift in Sources */ = {isa = PBXBuildFile; fileRef = 86A825B72A277D31002804DF /* pokeApiTypes.swift */; };
/* End PBXBuildFile section */

/* Begin PBXContainerItemProxy section */
		86A825812A26A5D6002804DF /* PBXContainerItemProxy */ = {
			isa = PBXContainerItemProxy;
			containerPortal = 86A825672A26A5D5002804DF /* Project object */;
			proxyType = 1;
			remoteGlobalIDString = 86A8256E2A26A5D5002804DF;
			remoteInfo = PokemonDemo;
		};
		86A8258B2A26A5D6002804DF /* PBXContainerItemProxy */ = {
			isa = PBXContainerItemProxy;
			containerPortal = 86A825672A26A5D5002804DF /* Project object */;
			proxyType = 1;
			remoteGlobalIDString = 86A8256E2A26A5D5002804DF;
			remoteInfo = PokemonDemo;
		};
/* End PBXContainerItemProxy section */

/* Begin PBXFileReference section */
		86A8256F2A26A5D5002804DF /* PokemonDemo.app */ = {isa = PBXFileReference; explicitFileType = wrapper.application; includeInIndex = 0; path = PokemonDemo.app; sourceTree = BUILT_PRODUCTS_DIR; };
		86A825722A26A5D5002804DF /* PokemonDemoApp.swift */ = {isa = PBXFileReference; lastKnownFileType = sourcecode.swift; path = PokemonDemoApp.swift; sourceTree = "<group>"; };
		86A825742A26A5D5002804DF /* PokemonDetailView.swift */ = {isa = PBXFileReference; lastKnownFileType = sourcecode.swift; path = PokemonDetailView.swift; sourceTree = "<group>"; };
		86A825762A26A5D6002804DF /* Assets.xcassets */ = {isa = PBXFileReference; lastKnownFileType = folder.assetcatalog; path = Assets.xcassets; sourceTree = "<group>"; };
		86A825782A26A5D6002804DF /* PokemonDemo.entitlements */ = {isa = PBXFileReference; lastKnownFileType = text.plist.entitlements; path = PokemonDemo.entitlements; sourceTree = "<group>"; };
		86A8257A2A26A5D6002804DF /* Preview Assets.xcassets */ = {isa = PBXFileReference; lastKnownFileType = folder.assetcatalog; path = "Preview Assets.xcassets"; sourceTree = "<group>"; };
		86A825802A26A5D6002804DF /* PokemonDemoTests.xctest */ = {isa = PBXFileReference; explicitFileType = wrapper.cfbundle; includeInIndex = 0; path = PokemonDemoTests.xctest; sourceTree = BUILT_PRODUCTS_DIR; };
		86A825842A26A5D6002804DF /* PokemonDemoTests.swift */ = {isa = PBXFileReference; lastKnownFileType = sourcecode.swift; path = PokemonDemoTests.swift; sourceTree = "<group>"; };
		86A8258A2A26A5D6002804DF /* PokemonDemoUITests.xctest */ = {isa = PBXFileReference; explicitFileType = wrapper.cfbundle; includeInIndex = 0; path = PokemonDemoUITests.xctest; sourceTree = BUILT_PRODUCTS_DIR; };
		86A8258E2A26A5D6002804DF /* PokemonDemoUITests.swift */ = {isa = PBXFileReference; lastKnownFileType = sourcecode.swift; path = PokemonDemoUITests.swift; sourceTree = "<group>"; };
		86A825902A26A5D6002804DF /* PokemonDemoUITestsLaunchTests.swift */ = {isa = PBXFileReference; lastKnownFileType = sourcecode.swift; path = PokemonDemoUITestsLaunchTests.swift; sourceTree = "<group>"; };
		86A825A62A26BC92002804DF /* pokemonData.json */ = {isa = PBXFileReference; fileEncoding = 4; lastKnownFileType = text.json; name = pokemonData.json; path = ../../../../../Desktop/pokemonData.json; sourceTree = "<group>"; };
		86A825A82A26C0A9002804DF /* PokemonSearchBar.swift */ = {isa = PBXFileReference; lastKnownFileType = sourcecode.swift; path = PokemonSearchBar.swift; sourceTree = "<group>"; };
		86A825AB2A27517A002804DF /* LoadingView.swift */ = {isa = PBXFileReference; lastKnownFileType = sourcecode.swift; path = LoadingView.swift; sourceTree = "<group>"; };
		86A825B02A276CF7002804DF /* colors.swift */ = {isa = PBXFileReference; lastKnownFileType = sourcecode.swift; path = colors.swift; sourceTree = "<group>"; };
		86A825B32A27725F002804DF /* Types.swift */ = {isa = PBXFileReference; lastKnownFileType = sourcecode.swift; path = Types.swift; sourceTree = "<group>"; };
		86A825B52A277560002804DF /* utils.swift */ = {isa = PBXFileReference; lastKnownFileType = sourcecode.swift; path = utils.swift; sourceTree = "<group>"; };
		86A825B72A277D31002804DF /* pokeApiTypes.swift */ = {isa = PBXFileReference; lastKnownFileType = sourcecode.swift; path = pokeApiTypes.swift; sourceTree = "<group>"; };
/* End PBXFileReference section */

/* Begin PBXFrameworksBuildPhase section */
		86A8256C2A26A5D5002804DF /* Frameworks */ = {
			isa = PBXFrameworksBuildPhase;
			buildActionMask = 2147483647;
			files = (
			);
			runOnlyForDeploymentPostprocessing = 0;
		};
		86A8257D2A26A5D6002804DF /* Frameworks */ = {
			isa = PBXFrameworksBuildPhase;
			buildActionMask = 2147483647;
			files = (
			);
			runOnlyForDeploymentPostprocessing = 0;
		};
		86A825872A26A5D6002804DF /* Frameworks */ = {
			isa = PBXFrameworksBuildPhase;
			buildActionMask = 2147483647;
			files = (
			);
			runOnlyForDeploymentPostprocessing = 0;
		};
/* End PBXFrameworksBuildPhase section */

/* Begin PBXGroup section */
		86A825662A26A5D5002804DF = {
			isa = PBXGroup;
			children = (
				86A825712A26A5D5002804DF /* src */,
				86A825832A26A5D6002804DF /* PokemonDemoTests */,
				86A8258D2A26A5D6002804DF /* PokemonDemoUITests */,
				86A825702A26A5D5002804DF /* Products */,
			);
			sourceTree = "<group>";
		};
		86A825702A26A5D5002804DF /* Products */ = {
			isa = PBXGroup;
			children = (
				86A8256F2A26A5D5002804DF /* PokemonDemo.app */,
				86A825802A26A5D6002804DF /* PokemonDemoTests.xctest */,
				86A8258A2A26A5D6002804DF /* PokemonDemoUITests.xctest */,
			);
			name = Products;
			sourceTree = "<group>";
		};
		86A825712A26A5D5002804DF /* src */ = {
			isa = PBXGroup;
			children = (
				86A825B22A27724E002804DF /* components */,
				86A825AF2A276CEB002804DF /* utils */,
				86A825AA2A27516F002804DF /* LoadingView */,
				86A825A12A26B3F5002804DF /* PokemonSearchBar */,
				86A8259D2A26B31C002804DF /* PokemonDetailView */,
				86A825722A26A5D5002804DF /* PokemonDemoApp.swift */,
				86A825762A26A5D6002804DF /* Assets.xcassets */,
				86A825782A26A5D6002804DF /* PokemonDemo.entitlements */,
				86A825792A26A5D6002804DF /* Preview Content */,
			);
			path = src;
			sourceTree = "<group>";
		};
		86A825792A26A5D6002804DF /* Preview Content */ = {
			isa = PBXGroup;
			children = (
				86A8257A2A26A5D6002804DF /* Preview Assets.xcassets */,
			);
			path = "Preview Content";
			sourceTree = "<group>";
		};
		86A825832A26A5D6002804DF /* PokemonDemoTests */ = {
			isa = PBXGroup;
			children = (
				86A825842A26A5D6002804DF /* PokemonDemoTests.swift */,
			);
			path = PokemonDemoTests;
			sourceTree = "<group>";
		};
		86A8258D2A26A5D6002804DF /* PokemonDemoUITests */ = {
			isa = PBXGroup;
			children = (
				86A8258E2A26A5D6002804DF /* PokemonDemoUITests.swift */,
				86A825902A26A5D6002804DF /* PokemonDemoUITestsLaunchTests.swift */,
			);
			path = PokemonDemoUITests;
			sourceTree = "<group>";
		};
		86A8259D2A26B31C002804DF /* PokemonDetailView */ = {
			isa = PBXGroup;
			children = (
				86A825742A26A5D5002804DF /* PokemonDetailView.swift */,
			);
			path = PokemonDetailView;
			sourceTree = "<group>";
		};
		86A825A12A26B3F5002804DF /* PokemonSearchBar */ = {
			isa = PBXGroup;
			children = (
				86A825A62A26BC92002804DF /* pokemonData.json */,
				86A825A82A26C0A9002804DF /* PokemonSearchBar.swift */,
			);
			path = PokemonSearchBar;
			sourceTree = "<group>";
		};
		86A825AA2A27516F002804DF /* LoadingView */ = {
			isa = PBXGroup;
			children = (
				86A825AB2A27517A002804DF /* LoadingView.swift */,
			);
			path = LoadingView;
			sourceTree = "<group>";
		};
		86A825AF2A276CEB002804DF /* utils */ = {
			isa = PBXGroup;
			children = (
				86A825B02A276CF7002804DF /* colors.swift */,
				86A825B52A277560002804DF /* utils.swift */,
				86A825B72A277D31002804DF /* pokeApiTypes.swift */,
			);
			path = utils;
			sourceTree = "<group>";
		};
		86A825B22A27724E002804DF /* components */ = {
			isa = PBXGroup;
			children = (
				86A825B32A27725F002804DF /* Types.swift */,
			);
			path = components;
			sourceTree = "<group>";
		};
/* End PBXGroup section */

/* Begin PBXNativeTarget section */
		86A8256E2A26A5D5002804DF /* PokemonDemo */ = {
			isa = PBXNativeTarget;
			buildConfigurationList = 86A825942A26A5D6002804DF /* Build configuration list for PBXNativeTarget "PokemonDemo" */;
			buildPhases = (
				86A8256B2A26A5D5002804DF /* Sources */,
				86A8256C2A26A5D5002804DF /* Frameworks */,
				86A8256D2A26A5D5002804DF /* Resources */,
			);
			buildRules = (
			);
			dependencies = (
			);
			name = PokemonDemo;
			productName = PokemonDemo;
			productReference = 86A8256F2A26A5D5002804DF /* PokemonDemo.app */;
			productType = "com.apple.product-type.application";
		};
		86A8257F2A26A5D6002804DF /* PokemonDemoTests */ = {
			isa = PBXNativeTarget;
			buildConfigurationList = 86A825972A26A5D6002804DF /* Build configuration list for PBXNativeTarget "PokemonDemoTests" */;
			buildPhases = (
				86A8257C2A26A5D6002804DF /* Sources */,
				86A8257D2A26A5D6002804DF /* Frameworks */,
				86A8257E2A26A5D6002804DF /* Resources */,
			);
			buildRules = (
			);
			dependencies = (
				86A825822A26A5D6002804DF /* PBXTargetDependency */,
			);
			name = PokemonDemoTests;
			productName = PokemonDemoTests;
			productReference = 86A825802A26A5D6002804DF /* PokemonDemoTests.xctest */;
			productType = "com.apple.product-type.bundle.unit-test";
		};
		86A825892A26A5D6002804DF /* PokemonDemoUITests */ = {
			isa = PBXNativeTarget;
			buildConfigurationList = 86A8259A2A26A5D6002804DF /* Build configuration list for PBXNativeTarget "PokemonDemoUITests" */;
			buildPhases = (
				86A825862A26A5D6002804DF /* Sources */,
				86A825872A26A5D6002804DF /* Frameworks */,
				86A825882A26A5D6002804DF /* Resources */,
			);
			buildRules = (
			);
			dependencies = (
				86A8258C2A26A5D6002804DF /* PBXTargetDependency */,
			);
			name = PokemonDemoUITests;
			productName = PokemonDemoUITests;
			productReference = 86A8258A2A26A5D6002804DF /* PokemonDemoUITests.xctest */;
			productType = "com.apple.product-type.bundle.ui-testing";
		};
/* End PBXNativeTarget section */

/* Begin PBXProject section */
		86A825672A26A5D5002804DF /* Project object */ = {
			isa = PBXProject;
			attributes = {
				BuildIndependentTargetsInParallel = 1;
				LastSwiftUpdateCheck = 1430;
				LastUpgradeCheck = 1430;
				TargetAttributes = {
					86A8256E2A26A5D5002804DF = {
						CreatedOnToolsVersion = 14.3;
					};
					86A8257F2A26A5D6002804DF = {
						CreatedOnToolsVersion = 14.3;
						TestTargetID = 86A8256E2A26A5D5002804DF;
					};
					86A825892A26A5D6002804DF = {
						CreatedOnToolsVersion = 14.3;
						TestTargetID = 86A8256E2A26A5D5002804DF;
					};
				};
			};
			buildConfigurationList = 86A8256A2A26A5D5002804DF /* Build configuration list for PBXProject "PokemonDemo" */;
			compatibilityVersion = "Xcode 14.0";
			developmentRegion = en;
			hasScannedForEncodings = 0;
			knownRegions = (
				en,
				Base,
			);
			mainGroup = 86A825662A26A5D5002804DF;
			productRefGroup = 86A825702A26A5D5002804DF /* Products */;
			projectDirPath = "";
			projectRoot = "";
			targets = (
				86A8256E2A26A5D5002804DF /* PokemonDemo */,
				86A8257F2A26A5D6002804DF /* PokemonDemoTests */,
				86A825892A26A5D6002804DF /* PokemonDemoUITests */,
			);
		};
/* End PBXProject section */

/* Begin PBXResourcesBuildPhase section */
		86A8256D2A26A5D5002804DF /* Resources */ = {
			isa = PBXResourcesBuildPhase;
			buildActionMask = 2147483647;
			files = (
				86A825A72A26BC92002804DF /* pokemonData.json in Resources */,
				86A8257B2A26A5D6002804DF /* Preview Assets.xcassets in Resources */,
				86A825772A26A5D6002804DF /* Assets.xcassets in Resources */,
			);
			runOnlyForDeploymentPostprocessing = 0;
		};
		86A8257E2A26A5D6002804DF /* Resources */ = {
			isa = PBXResourcesBuildPhase;
			buildActionMask = 2147483647;
			files = (
			);
			runOnlyForDeploymentPostprocessing = 0;
		};
		86A825882A26A5D6002804DF /* Resources */ = {
			isa = PBXResourcesBuildPhase;
			buildActionMask = 2147483647;
			files = (
			);
			runOnlyForDeploymentPostprocessing = 0;
		};
/* End PBXResourcesBuildPhase section */

/* Begin PBXSourcesBuildPhase section */
		86A8256B2A26A5D5002804DF /* Sources */ = {
			isa = PBXSourcesBuildPhase;
			buildActionMask = 2147483647;
			files = (
				86A825B82A277D31002804DF /* pokeApiTypes.swift in Sources */,
				86A825752A26A5D5002804DF /* PokemonDetailView.swift in Sources */,
				86A825B62A277560002804DF /* utils.swift in Sources */,
				86A825B12A276CF7002804DF /* colors.swift in Sources */,
				86A825AC2A27517B002804DF /* LoadingView.swift in Sources */,
				86A825732A26A5D5002804DF /* PokemonDemoApp.swift in Sources */,
				86A825A92A26C0A9002804DF /* PokemonSearchBar.swift in Sources */,
				86A825B42A27725F002804DF /* Types.swift in Sources */,
			);
			runOnlyForDeploymentPostprocessing = 0;
		};
		86A8257C2A26A5D6002804DF /* Sources */ = {
			isa = PBXSourcesBuildPhase;
			buildActionMask = 2147483647;
			files = (
				86A825852A26A5D6002804DF /* PokemonDemoTests.swift in Sources */,
			);
			runOnlyForDeploymentPostprocessing = 0;
		};
		86A825862A26A5D6002804DF /* Sources */ = {
			isa = PBXSourcesBuildPhase;
			buildActionMask = 2147483647;
			files = (
				86A8258F2A26A5D6002804DF /* PokemonDemoUITests.swift in Sources */,
				86A825912A26A5D6002804DF /* PokemonDemoUITestsLaunchTests.swift in Sources */,
			);
			runOnlyForDeploymentPostprocessing = 0;
		};
/* End PBXSourcesBuildPhase section */

/* Begin PBXTargetDependency section */
		86A825822A26A5D6002804DF /* PBXTargetDependency */ = {
			isa = PBXTargetDependency;
			target = 86A8256E2A26A5D5002804DF /* PokemonDemo */;
			targetProxy = 86A825812A26A5D6002804DF /* PBXContainerItemProxy */;
		};
		86A8258C2A26A5D6002804DF /* PBXTargetDependency */ = {
			isa = PBXTargetDependency;
			target = 86A8256E2A26A5D5002804DF /* PokemonDemo */;
			targetProxy = 86A8258B2A26A5D6002804DF /* PBXContainerItemProxy */;
		};
/* End PBXTargetDependency section */

/* Begin XCBuildConfiguration section */
		86A825922A26A5D6002804DF /* Debug */ = {
			isa = XCBuildConfiguration;
			buildSettings = {
				ALWAYS_SEARCH_USER_PATHS = NO;
				CLANG_ANALYZER_NONNULL = YES;
				CLANG_ANALYZER_NUMBER_OBJECT_CONVERSION = YES_AGGRESSIVE;
				CLANG_CXX_LANGUAGE_STANDARD = "gnu++20";
				CLANG_ENABLE_MODULES = YES;
				CLANG_ENABLE_OBJC_ARC = YES;
				CLANG_ENABLE_OBJC_WEAK = YES;
				CLANG_WARN_BLOCK_CAPTURE_AUTORELEASING = YES;
				CLANG_WARN_BOOL_CONVERSION = YES;
				CLANG_WARN_COMMA = YES;
				CLANG_WARN_CONSTANT_CONVERSION = YES;
				CLANG_WARN_DEPRECATED_OBJC_IMPLEMENTATIONS = YES;
				CLANG_WARN_DIRECT_OBJC_ISA_USAGE = YES_ERROR;
				CLANG_WARN_DOCUMENTATION_COMMENTS = YES;
				CLANG_WARN_EMPTY_BODY = YES;
				CLANG_WARN_ENUM_CONVERSION = YES;
				CLANG_WARN_INFINITE_RECURSION = YES;
				CLANG_WARN_INT_CONVERSION = YES;
				CLANG_WARN_NON_LITERAL_NULL_CONVERSION = YES;
				CLANG_WARN_OBJC_IMPLICIT_RETAIN_SELF = YES;
				CLANG_WARN_OBJC_LITERAL_CONVERSION = YES;
				CLANG_WARN_OBJC_ROOT_CLASS = YES_ERROR;
				CLANG_WARN_QUOTED_INCLUDE_IN_FRAMEWORK_HEADER = YES;
				CLANG_WARN_RANGE_LOOP_ANALYSIS = YES;
				CLANG_WARN_STRICT_PROTOTYPES = YES;
				CLANG_WARN_SUSPICIOUS_MOVE = YES;
				CLANG_WARN_UNGUARDED_AVAILABILITY = YES_AGGRESSIVE;
				CLANG_WARN_UNREACHABLE_CODE = YES;
				CLANG_WARN__DUPLICATE_METHOD_MATCH = YES;
				COPY_PHASE_STRIP = NO;
				DEBUG_INFORMATION_FORMAT = dwarf;
				ENABLE_STRICT_OBJC_MSGSEND = YES;
				ENABLE_TESTABILITY = YES;
				GCC_C_LANGUAGE_STANDARD = gnu11;
				GCC_DYNAMIC_NO_PIC = NO;
				GCC_NO_COMMON_BLOCKS = YES;
				GCC_OPTIMIZATION_LEVEL = 0;
				GCC_PREPROCESSOR_DEFINITIONS = (
					"DEBUG=1",
					"$(inherited)",
				);
				GCC_WARN_64_TO_32_BIT_CONVERSION = YES;
				GCC_WARN_ABOUT_RETURN_TYPE = YES_ERROR;
				GCC_WARN_UNDECLARED_SELECTOR = YES;
				GCC_WARN_UNINITIALIZED_AUTOS = YES_AGGRESSIVE;
				GCC_WARN_UNUSED_FUNCTION = YES;
				GCC_WARN_UNUSED_VARIABLE = YES;
				MTL_ENABLE_DEBUG_INFO = INCLUDE_SOURCE;
				MTL_FAST_MATH = YES;
				ONLY_ACTIVE_ARCH = YES;
				SWIFT_ACTIVE_COMPILATION_CONDITIONS = DEBUG;
				SWIFT_OPTIMIZATION_LEVEL = "-Onone";
			};
			name = Debug;
		};
		86A825932A26A5D6002804DF /* Release */ = {
			isa = XCBuildConfiguration;
			buildSettings = {
				ALWAYS_SEARCH_USER_PATHS = NO;
				CLANG_ANALYZER_NONNULL = YES;
				CLANG_ANALYZER_NUMBER_OBJECT_CONVERSION = YES_AGGRESSIVE;
				CLANG_CXX_LANGUAGE_STANDARD = "gnu++20";
				CLANG_ENABLE_MODULES = YES;
				CLANG_ENABLE_OBJC_ARC = YES;
				CLANG_ENABLE_OBJC_WEAK = YES;
				CLANG_WARN_BLOCK_CAPTURE_AUTORELEASING = YES;
				CLANG_WARN_BOOL_CONVERSION = YES;
				CLANG_WARN_COMMA = YES;
				CLANG_WARN_CONSTANT_CONVERSION = YES;
				CLANG_WARN_DEPRECATED_OBJC_IMPLEMENTATIONS = YES;
				CLANG_WARN_DIRECT_OBJC_ISA_USAGE = YES_ERROR;
				CLANG_WARN_DOCUMENTATION_COMMENTS = YES;
				CLANG_WARN_EMPTY_BODY = YES;
				CLANG_WARN_ENUM_CONVERSION = YES;
				CLANG_WARN_INFINITE_RECURSION = YES;
				CLANG_WARN_INT_CONVERSION = YES;
				CLANG_WARN_NON_LITERAL_NULL_CONVERSION = YES;
				CLANG_WARN_OBJC_IMPLICIT_RETAIN_SELF = YES;
				CLANG_WARN_OBJC_LITERAL_CONVERSION = YES;
				CLANG_WARN_OBJC_ROOT_CLASS = YES_ERROR;
				CLANG_WARN_QUOTED_INCLUDE_IN_FRAMEWORK_HEADER = YES;
				CLANG_WARN_RANGE_LOOP_ANALYSIS = YES;
				CLANG_WARN_STRICT_PROTOTYPES = YES;
				CLANG_WARN_SUSPICIOUS_MOVE = YES;
				CLANG_WARN_UNGUARDED_AVAILABILITY = YES_AGGRESSIVE;
				CLANG_WARN_UNREACHABLE_CODE = YES;
				CLANG_WARN__DUPLICATE_METHOD_MATCH = YES;
				COPY_PHASE_STRIP = NO;
				DEBUG_INFORMATION_FORMAT = "dwarf-with-dsym";
				ENABLE_NS_ASSERTIONS = NO;
				ENABLE_STRICT_OBJC_MSGSEND = YES;
				GCC_C_LANGUAGE_STANDARD = gnu11;
				GCC_NO_COMMON_BLOCKS = YES;
				GCC_WARN_64_TO_32_BIT_CONVERSION = YES;
				GCC_WARN_ABOUT_RETURN_TYPE = YES_ERROR;
				GCC_WARN_UNDECLARED_SELECTOR = YES;
				GCC_WARN_UNINITIALIZED_AUTOS = YES_AGGRESSIVE;
				GCC_WARN_UNUSED_FUNCTION = YES;
				GCC_WARN_UNUSED_VARIABLE = YES;
				MTL_ENABLE_DEBUG_INFO = NO;
				MTL_FAST_MATH = YES;
				SWIFT_COMPILATION_MODE = wholemodule;
				SWIFT_OPTIMIZATION_LEVEL = "-O";
			};
			name = Release;
		};
		86A825952A26A5D6002804DF /* Debug */ = {
			isa = XCBuildConfiguration;
			buildSettings = {
				ASSETCATALOG_COMPILER_APPICON_NAME = AppIcon;
				ASSETCATALOG_COMPILER_GLOBAL_ACCENT_COLOR_NAME = AccentColor;
				CODE_SIGN_STYLE = Automatic;
				CURRENT_PROJECT_VERSION = 1;
				DEVELOPMENT_ASSET_PATHS = "\"src/Preview Content\"";
				ENABLE_PREVIEWS = YES;
				GENERATE_INFOPLIST_FILE = YES;
				"INFOPLIST_KEY_UIApplicationSceneManifest_Generation[sdk=iphoneos*]" = YES;
				"INFOPLIST_KEY_UIApplicationSceneManifest_Generation[sdk=iphonesimulator*]" = YES;
				"INFOPLIST_KEY_UIApplicationSupportsIndirectInputEvents[sdk=iphoneos*]" = YES;
				"INFOPLIST_KEY_UIApplicationSupportsIndirectInputEvents[sdk=iphonesimulator*]" = YES;
				"INFOPLIST_KEY_UILaunchScreen_Generation[sdk=iphoneos*]" = YES;
				"INFOPLIST_KEY_UILaunchScreen_Generation[sdk=iphonesimulator*]" = YES;
				"INFOPLIST_KEY_UIStatusBarStyle[sdk=iphoneos*]" = UIStatusBarStyleDefault;
				"INFOPLIST_KEY_UIStatusBarStyle[sdk=iphonesimulator*]" = UIStatusBarStyleDefault;
				INFOPLIST_KEY_UISupportedInterfaceOrientations_iPad = "UIInterfaceOrientationPortrait UIInterfaceOrientationPortraitUpsideDown UIInterfaceOrientationLandscapeLeft UIInterfaceOrientationLandscapeRight";
				INFOPLIST_KEY_UISupportedInterfaceOrientations_iPhone = "UIInterfaceOrientationPortrait UIInterfaceOrientationLandscapeLeft UIInterfaceOrientationLandscapeRight";
				IPHONEOS_DEPLOYMENT_TARGET = 16.4;
				LD_RUNPATH_SEARCH_PATHS = "@executable_path/Frameworks";
				"LD_RUNPATH_SEARCH_PATHS[sdk=macosx*]" = "@executable_path/../Frameworks";
				MACOSX_DEPLOYMENT_TARGET = 13.0;
				MARKETING_VERSION = 1.0;
				PRODUCT_BUNDLE_IDENTIFIER = georgealx.PokemonDemo;
				PRODUCT_NAME = "$(TARGET_NAME)";
				SDKROOT = auto;
				SUPPORTED_PLATFORMS = "iphoneos iphonesimulator macosx";
				SWIFT_EMIT_LOC_STRINGS = YES;
				SWIFT_VERSION = 5.0;
				TARGETED_DEVICE_FAMILY = "1,2";
			};
			name = Debug;
		};
		86A825962A26A5D6002804DF /* Release */ = {
			isa = XCBuildConfiguration;
			buildSettings = {
				ASSETCATALOG_COMPILER_APPICON_NAME = AppIcon;
				ASSETCATALOG_COMPILER_GLOBAL_ACCENT_COLOR_NAME = AccentColor;
				CODE_SIGN_STYLE = Automatic;
				CURRENT_PROJECT_VERSION = 1;
				DEVELOPMENT_ASSET_PATHS = "\"src/Preview Content\"";
				ENABLE_PREVIEWS = YES;
				GENERATE_INFOPLIST_FILE = YES;
				"INFOPLIST_KEY_UIApplicationSceneManifest_Generation[sdk=iphoneos*]" = YES;
				"INFOPLIST_KEY_UIApplicationSceneManifest_Generation[sdk=iphonesimulator*]" = YES;
				"INFOPLIST_KEY_UIApplicationSupportsIndirectInputEvents[sdk=iphoneos*]" = YES;
				"INFOPLIST_KEY_UIApplicationSupportsIndirectInputEvents[sdk=iphonesimulator*]" = YES;
				"INFOPLIST_KEY_UILaunchScreen_Generation[sdk=iphoneos*]" = YES;
				"INFOPLIST_KEY_UILaunchScreen_Generation[sdk=iphonesimulator*]" = YES;
				"INFOPLIST_KEY_UIStatusBarStyle[sdk=iphoneos*]" = UIStatusBarStyleDefault;
				"INFOPLIST_KEY_UIStatusBarStyle[sdk=iphonesimulator*]" = UIStatusBarStyleDefault;
				INFOPLIST_KEY_UISupportedInterfaceOrientations_iPad = "UIInterfaceOrientationPortrait UIInterfaceOrientationPortraitUpsideDown UIInterfaceOrientationLandscapeLeft UIInterfaceOrientationLandscapeRight";
				INFOPLIST_KEY_UISupportedInterfaceOrientations_iPhone = "UIInterfaceOrientationPortrait UIInterfaceOrientationLandscapeLeft UIInterfaceOrientationLandscapeRight";
				IPHONEOS_DEPLOYMENT_TARGET = 16.4;
				LD_RUNPATH_SEARCH_PATHS = "@executable_path/Frameworks";
				"LD_RUNPATH_SEARCH_PATHS[sdk=macosx*]" = "@executable_path/../Frameworks";
				MACOSX_DEPLOYMENT_TARGET = 13.0;
				MARKETING_VERSION = 1.0;
				PRODUCT_BUNDLE_IDENTIFIER = georgealx.PokemonDemo;
				PRODUCT_NAME = "$(TARGET_NAME)";
				SDKROOT = auto;
				SUPPORTED_PLATFORMS = "iphoneos iphonesimulator macosx";
				SWIFT_EMIT_LOC_STRINGS = YES;
				SWIFT_VERSION = 5.0;
				TARGETED_DEVICE_FAMILY = "1,2";
			};
			name = Release;
		};
		86A825982A26A5D6002804DF /* Debug */ = {
			isa = XCBuildConfiguration;
			buildSettings = {
				ALWAYS_EMBED_SWIFT_STANDARD_LIBRARIES = YES;
				BUNDLE_LOADER = "$(TEST_HOST)";
				CODE_SIGN_STYLE = Automatic;
				CURRENT_PROJECT_VERSION = 1;
				GENERATE_INFOPLIST_FILE = YES;
				IPHONEOS_DEPLOYMENT_TARGET = 16.4;
				MACOSX_DEPLOYMENT_TARGET = 13.0;
				MARKETING_VERSION = 1.0;
				PRODUCT_BUNDLE_IDENTIFIER = georgealx.PokemonDemoTests;
				PRODUCT_NAME = "$(TARGET_NAME)";
				SDKROOT = auto;
				SUPPORTED_PLATFORMS = "iphoneos iphonesimulator macosx";
				SWIFT_EMIT_LOC_STRINGS = NO;
				SWIFT_VERSION = 5.0;
				TARGETED_DEVICE_FAMILY = "1,2";
				TEST_HOST = "$(BUILT_PRODUCTS_DIR)/PokemonDemo.app/$(BUNDLE_EXECUTABLE_FOLDER_PATH)/PokemonDemo";
			};
			name = Debug;
		};
		86A825992A26A5D6002804DF /* Release */ = {
			isa = XCBuildConfiguration;
			buildSettings = {
				ALWAYS_EMBED_SWIFT_STANDARD_LIBRARIES = YES;
				BUNDLE_LOADER = "$(TEST_HOST)";
				CODE_SIGN_STYLE = Automatic;
				CURRENT_PROJECT_VERSION = 1;
				GENERATE_INFOPLIST_FILE = YES;
				IPHONEOS_DEPLOYMENT_TARGET = 16.4;
				MACOSX_DEPLOYMENT_TARGET = 13.0;
				MARKETING_VERSION = 1.0;
				PRODUCT_BUNDLE_IDENTIFIER = georgealx.PokemonDemoTests;
				PRODUCT_NAME = "$(TARGET_NAME)";
				SDKROOT = auto;
				SUPPORTED_PLATFORMS = "iphoneos iphonesimulator macosx";
				SWIFT_EMIT_LOC_STRINGS = NO;
				SWIFT_VERSION = 5.0;
				TARGETED_DEVICE_FAMILY = "1,2";
				TEST_HOST = "$(BUILT_PRODUCTS_DIR)/PokemonDemo.app/$(BUNDLE_EXECUTABLE_FOLDER_PATH)/PokemonDemo";
			};
			name = Release;
		};
		86A8259B2A26A5D6002804DF /* Debug */ = {
			isa = XCBuildConfiguration;
			buildSettings = {
				ALWAYS_EMBED_SWIFT_STANDARD_LIBRARIES = YES;
				CODE_SIGN_STYLE = Automatic;
				CURRENT_PROJECT_VERSION = 1;
				GENERATE_INFOPLIST_FILE = YES;
				IPHONEOS_DEPLOYMENT_TARGET = 16.4;
				MACOSX_DEPLOYMENT_TARGET = 13.0;
				MARKETING_VERSION = 1.0;
				PRODUCT_BUNDLE_IDENTIFIER = georgealx.PokemonDemoUITests;
				PRODUCT_NAME = "$(TARGET_NAME)";
				SDKROOT = auto;
				SUPPORTED_PLATFORMS = "iphoneos iphonesimulator macosx";
				SWIFT_EMIT_LOC_STRINGS = NO;
				SWIFT_VERSION = 5.0;
				TARGETED_DEVICE_FAMILY = "1,2";
				TEST_TARGET_NAME = PokemonDemo;
			};
			name = Debug;
		};
		86A8259C2A26A5D6002804DF /* Release */ = {
			isa = XCBuildConfiguration;
			buildSettings = {
				ALWAYS_EMBED_SWIFT_STANDARD_LIBRARIES = YES;
				CODE_SIGN_STYLE = Automatic;
				CURRENT_PROJECT_VERSION = 1;
				GENERATE_INFOPLIST_FILE = YES;
				IPHONEOS_DEPLOYMENT_TARGET = 16.4;
				MACOSX_DEPLOYMENT_TARGET = 13.0;
				MARKETING_VERSION = 1.0;
				PRODUCT_BUNDLE_IDENTIFIER = georgealx.PokemonDemoUITests;
				PRODUCT_NAME = "$(TARGET_NAME)";
				SDKROOT = auto;
				SUPPORTED_PLATFORMS = "iphoneos iphonesimulator macosx";
				SWIFT_EMIT_LOC_STRINGS = NO;
				SWIFT_VERSION = 5.0;
				TARGETED_DEVICE_FAMILY = "1,2";
				TEST_TARGET_NAME = PokemonDemo;
			};
			name = Release;
		};
/* End XCBuildConfiguration section */

/* Begin XCConfigurationList section */
		86A8256A2A26A5D5002804DF /* Build configuration list for PBXProject "PokemonDemo" */ = {
			isa = XCConfigurationList;
			buildConfigurations = (
				86A825922A26A5D6002804DF /* Debug */,
				86A825932A26A5D6002804DF /* Release */,
			);
			defaultConfigurationIsVisible = 0;
			defaultConfigurationName = Release;
		};
		86A825942A26A5D6002804DF /* Build configuration list for PBXNativeTarget "PokemonDemo" */ = {
			isa = XCConfigurationList;
			buildConfigurations = (
				86A825952A26A5D6002804DF /* Debug */,
				86A825962A26A5D6002804DF /* Release */,
			);
			defaultConfigurationIsVisible = 0;
			defaultConfigurationName = Release;
		};
		86A825972A26A5D6002804DF /* Build configuration list for PBXNativeTarget "PokemonDemoTests" */ = {
			isa = XCConfigurationList;
			buildConfigurations = (
				86A825982A26A5D6002804DF /* Debug */,
				86A825992A26A5D6002804DF /* Release */,
			);
			defaultConfigurationIsVisible = 0;
			defaultConfigurationName = Release;
		};
		86A8259A2A26A5D6002804DF /* Build configuration list for PBXNativeTarget "PokemonDemoUITests" */ = {
			isa = XCConfigurationList;
			buildConfigurations = (
				86A8259B2A26A5D6002804DF /* Debug */,
				86A8259C2A26A5D6002804DF /* Release */,
			);
			defaultConfigurationIsVisible = 0;
			defaultConfigurationName = Release;
		};
/* End XCConfigurationList section */
	};
	rootObject = 86A825672A26A5D5002804DF /* Project object */;
}
